
Microsoft Visual Studio Solution File, Format Version 12.00
# Visual Studio Version 17
VisualStudioVersion = 17.12.35514.174
MinimumVisualStudioVersion = 10.0.40219.1
Project("{FAE04EC0-301F-11D3-BF4B-00C04F79EFBC}") = "CrombieProytecto-V0.2", "CrombieProytecto-V0.2\CrombieProytecto-V0.2.csproj", "{69035800-1D24-4C5C-8FFC-6DD3E17B5C6F}"
EndProject
Project("{FAE04EC0-301F-11D3-BF4B-00C04F79EFBC}") = "Proyect_Models", "Proyect_Models\Proyect_Models.csproj", "{4089867E-E289-447D-B5C2-7DE65E1031B4}"
EndProject
Project("{FAE04EC0-301F-11D3-BF4B-00C04F79EFBC}") = "Proyect_BLL", "Proyect_BLL\Proyect_BLL.csproj", "{E67F2B90-8D15-40D7-8608-D9AA7DA1B5E7}"
EndProject
Project("{FAE04EC0-301F-11D3-BF4B-00C04F79EFBC}") = "Proyect_DAL", "Proyect_DAL\Proyect_DAL.csproj", "{D3B8F003-E558-4F9C-92F1-B740E40FE10D}"
EndProject
Global
	GlobalSection(SolutionConfigurationPlatforms) = preSolution
		Debug|Any CPU = Debug|Any CPU
		Release|Any CPU = Release|Any CPU
	EndGlobalSection
	GlobalSection(ProjectConfigurationPlatforms) = postSolution
		{69035800-1D24-4C5C-8FFC-6DD3E17B5C6F}.Debug|Any CPU.ActiveCfg = Debug|Any CPU
		{69035800-1D24-4C5C-8FFC-6DD3E17B5C6F}.Debug|Any CPU.Build.0 = Debug|Any CPU
		{69035800-1D24-4C5C-8FFC-6DD3E17B5C6F}.Release|Any CPU.ActiveCfg = Release|Any CPU
		{69035800-1D24-4C5C-8FFC-6DD3E17B5C6F}.Release|Any CPU.Build.0 = Release|Any CPU
		{4089867E-E289-447D-B5C2-7DE65E1031B4}.Debug|Any CPU.ActiveCfg = Debug|Any CPU
		{4089867E-E289-447D-B5C2-7DE65E1031B4}.Debug|Any CPU.Build.0 = Debug|Any CPU
		{4089867E-E289-447D-B5C2-7DE65E1031B4}.Release|Any CPU.ActiveCfg = Release|Any CPU
		{4089867E-E289-447D-B5C2-7DE65E1031B4}.Release|Any CPU.Build.0 = Release|Any CPU
		{E67F2B90-8D15-40D7-8608-D9AA7DA1B5E7}.Debug|Any CPU.ActiveCfg = Debug|Any CPU
		{E67F2B90-8D15-40D7-8608-D9AA7DA1B5E7}.Debug|Any CPU.Build.0 = Debug|Any CPU
		{E67F2B90-8D15-40D7-8608-D9AA7DA1B5E7}.Release|Any CPU.ActiveCfg = Release|Any CPU
		{E67F2B90-8D15-40D7-8608-D9AA7DA1B5E7}.Release|Any CPU.Build.0 = Release|Any CPU
		{D3B8F003-E558-4F9C-92F1-B740E40FE10D}.Debug|Any CPU.ActiveCfg = Debug|Any CPU
		{D3B8F003-E558-4F9C-92F1-B740E40FE10D}.Debug|Any CPU.Build.0 = Debug|Any CPU
		{D3B8F003-E558-4F9C-92F1-B740E40FE10D}.Release|Any CPU.ActiveCfg = Release|Any CPU
		{D3B8F003-E558-4F9C-92F1-B740E40FE10D}.Release|Any CPU.Build.0 = Release|Any CPU
	EndGlobalSection
	GlobalSection(SolutionProperties) = preSolution
		HideSolutionNode = FALSE
	EndGlobalSection
EndGlobal
